
Microsoft Visual Studio Solution File, Format Version 12.00
# Visual Studio Version 16
VisualStudioVersion = 16.0.30114.105
MinimumVisualStudioVersion = 10.0.40219.1
Project("{FAE04EC0-301F-11D3-BF4B-00C04F79EFBC}") = "API", "API\API.csproj", "{54DD7C7C-9B38-4901-A8EA-AC94A843D0DA}"
EndProject
Project("{FAE04EC0-301F-11D3-BF4B-00C04F79EFBC}") = "Application", "Application\Application.csproj", "{96847697-CBB4-4E2D-A737-C93EB03E7FBF}"
EndProject
Project("{FAE04EC0-301F-11D3-BF4B-00C04F79EFBC}") = "Persistence", "Persistence\Persistence.csproj", "{630FC62E-9186-49A4-BDF7-242E707427FD}"
EndProject
Project("{FAE04EC0-301F-11D3-BF4B-00C04F79EFBC}") = "Domain", "Domain\Domain.csproj", "{544C81A9-BDEB-42BE-A9CD-0888A12F7E37}"
EndProject
Global
	GlobalSection(SolutionConfigurationPlatforms) = preSolution
		Debug|Any CPU = Debug|Any CPU
		Release|Any CPU = Release|Any CPU
	EndGlobalSection
	GlobalSection(SolutionProperties) = preSolution
		HideSolutionNode = FALSE
	EndGlobalSection
	GlobalSection(ProjectConfigurationPlatforms) = postSolution
		{54DD7C7C-9B38-4901-A8EA-AC94A843D0DA}.Debug|Any CPU.ActiveCfg = Debug|Any CPU
		{54DD7C7C-9B38-4901-A8EA-AC94A843D0DA}.Debug|Any CPU.Build.0 = Debug|Any CPU
		{54DD7C7C-9B38-4901-A8EA-AC94A843D0DA}.Release|Any CPU.ActiveCfg = Release|Any CPU
		{54DD7C7C-9B38-4901-A8EA-AC94A843D0DA}.Release|Any CPU.Build.0 = Release|Any CPU
		{96847697-CBB4-4E2D-A737-C93EB03E7FBF}.Debug|Any CPU.ActiveCfg = Debug|Any CPU
		{96847697-CBB4-4E2D-A737-C93EB03E7FBF}.Debug|Any CPU.Build.0 = Debug|Any CPU
		{96847697-CBB4-4E2D-A737-C93EB03E7FBF}.Release|Any CPU.ActiveCfg = Release|Any CPU
		{96847697-CBB4-4E2D-A737-C93EB03E7FBF}.Release|Any CPU.Build.0 = Release|Any CPU
		{630FC62E-9186-49A4-BDF7-242E707427FD}.Debug|Any CPU.ActiveCfg = Debug|Any CPU
		{630FC62E-9186-49A4-BDF7-242E707427FD}.Debug|Any CPU.Build.0 = Debug|Any CPU
		{630FC62E-9186-49A4-BDF7-242E707427FD}.Release|Any CPU.ActiveCfg = Release|Any CPU
		{630FC62E-9186-49A4-BDF7-242E707427FD}.Release|Any CPU.Build.0 = Release|Any CPU
		{544C81A9-BDEB-42BE-A9CD-0888A12F7E37}.Debug|Any CPU.ActiveCfg = Debug|Any CPU
		{544C81A9-BDEB-42BE-A9CD-0888A12F7E37}.Debug|Any CPU.Build.0 = Debug|Any CPU
		{544C81A9-BDEB-42BE-A9CD-0888A12F7E37}.Release|Any CPU.ActiveCfg = Release|Any CPU
		{544C81A9-BDEB-42BE-A9CD-0888A12F7E37}.Release|Any CPU.Build.0 = Release|Any CPU
	EndGlobalSection
EndGlobal
